
Microsoft Visual Studio Solution File, Format Version 12.00
# Visual Studio Version 16
VisualStudioVersion = 16.0.31025.194
MinimumVisualStudioVersion = 10.0.40219.1
Project("{FAE04EC0-301F-11D3-BF4B-00C04F79EFBC}") = "Exam", "Exam\Exam.csproj", "{9C908C29-6668-4D3E-9ACB-A7D29FF86F9A}"
EndProject
Global
	GlobalSection(SolutionConfigurationPlatforms) = preSolution
		Debug|Any CPU = Debug|Any CPU
		Release|Any CPU = Release|Any CPU
	EndGlobalSection
	GlobalSection(ProjectConfigurationPlatforms) = postSolution
		{9C908C29-6668-4D3E-9ACB-A7D29FF86F9A}.Debug|Any CPU.ActiveCfg = Debug|Any CPU
		{9C908C29-6668-4D3E-9ACB-A7D29FF86F9A}.Debug|Any CPU.Build.0 = Debug|Any CPU
		{9C908C29-6668-4D3E-9ACB-A7D29FF86F9A}.Release|Any CPU.ActiveCfg = Release|Any CPU
		{9C908C29-6668-4D3E-9ACB-A7D29FF86F9A}.Release|Any CPU.Build.0 = Release|Any CPU
	EndGlobalSection
	GlobalSection(SolutionProperties) = preSolution
		HideSolutionNode = FALSE
	EndGlobalSection
	GlobalSection(ExtensibilityGlobals) = postSolution
		SolutionGuid = {2BDA291A-B1CB-46FA-9025-11D269CA6436}
	EndGlobalSection
EndGlobal
